
Microsoft Visual Studio Solution File, Format Version 12.00
# Visual Studio Version 16
VisualStudioVersion = 16.0.29613.14
MinimumVisualStudioVersion = 10.0.40219.1
Project("{FAE04EC0-301F-11D3-BF4B-00C04F79EFBC}") = "Pokedex.Android", "Pokedex\Pokedex.Android\Pokedex.Android.csproj", "{C1528512-5970-41E9-A7AA-122145C0247C}"
EndProject
Project("{FAE04EC0-301F-11D3-BF4B-00C04F79EFBC}") = "Pokedex.iOS", "Pokedex\Pokedex.iOS\Pokedex.iOS.csproj", "{D72D35C5-0540-4F56-841B-087EF5057156}"
EndProject
Project("{FAE04EC0-301F-11D3-BF4B-00C04F79EFBC}") = "Pokedex", "Pokedex\Pokedex\Pokedex.csproj", "{53C0267A-F76D-4068-B1E4-A57C13AC1E51}"
EndProject
Global
	GlobalSection(SolutionConfigurationPlatforms) = preSolution
		Debug|Any CPU = Debug|Any CPU
		Debug|iPhone = Debug|iPhone
		Debug|iPhoneSimulator = Debug|iPhoneSimulator
		Release|Any CPU = Release|Any CPU
		Release|iPhone = Release|iPhone
		Release|iPhoneSimulator = Release|iPhoneSimulator
	EndGlobalSection
	GlobalSection(ProjectConfigurationPlatforms) = postSolution
		{C1528512-5970-41E9-A7AA-122145C0247C}.Debug|Any CPU.ActiveCfg = Debug|Any CPU
		{C1528512-5970-41E9-A7AA-122145C0247C}.Debug|Any CPU.Build.0 = Debug|Any CPU
		{C1528512-5970-41E9-A7AA-122145C0247C}.Debug|Any CPU.Deploy.0 = Debug|Any CPU
		{C1528512-5970-41E9-A7AA-122145C0247C}.Debug|iPhone.ActiveCfg = Debug|Any CPU
		{C1528512-5970-41E9-A7AA-122145C0247C}.Debug|iPhone.Build.0 = Debug|Any CPU
		{C1528512-5970-41E9-A7AA-122145C0247C}.Debug|iPhone.Deploy.0 = Debug|Any CPU
		{C1528512-5970-41E9-A7AA-122145C0247C}.Debug|iPhoneSimulator.ActiveCfg = Debug|Any CPU
		{C1528512-5970-41E9-A7AA-122145C0247C}.Debug|iPhoneSimulator.Build.0 = Debug|Any CPU
		{C1528512-5970-41E9-A7AA-122145C0247C}.Debug|iPhoneSimulator.Deploy.0 = Debug|Any CPU
		{C1528512-5970-41E9-A7AA-122145C0247C}.Release|Any CPU.ActiveCfg = Release|Any CPU
		{C1528512-5970-41E9-A7AA-122145C0247C}.Release|Any CPU.Build.0 = Release|Any CPU
		{C1528512-5970-41E9-A7AA-122145C0247C}.Release|Any CPU.Deploy.0 = Release|Any CPU
		{C1528512-5970-41E9-A7AA-122145C0247C}.Release|iPhone.ActiveCfg = Release|Any CPU
		{C1528512-5970-41E9-A7AA-122145C0247C}.Release|iPhone.Build.0 = Release|Any CPU
		{C1528512-5970-41E9-A7AA-122145C0247C}.Release|iPhone.Deploy.0 = Release|Any CPU
		{C1528512-5970-41E9-A7AA-122145C0247C}.Release|iPhoneSimulator.ActiveCfg = Release|Any CPU
		{C1528512-5970-41E9-A7AA-122145C0247C}.Release|iPhoneSimulator.Build.0 = Release|Any CPU
		{C1528512-5970-41E9-A7AA-122145C0247C}.Release|iPhoneSimulator.Deploy.0 = Release|Any CPU
		{D72D35C5-0540-4F56-841B-087EF5057156}.Debug|Any CPU.ActiveCfg = Debug|iPhone
		{D72D35C5-0540-4F56-841B-087EF5057156}.Debug|iPhone.ActiveCfg = Debug|iPhone
		{D72D35C5-0540-4F56-841B-087EF5057156}.Debug|iPhone.Build.0 = Debug|iPhone
		{D72D35C5-0540-4F56-841B-087EF5057156}.Debug|iPhoneSimulator.ActiveCfg = Debug|iPhoneSimulator
		{D72D35C5-0540-4F56-841B-087EF5057156}.Debug|iPhoneSimulator.Build.0 = Debug|iPhoneSimulator
		{D72D35C5-0540-4F56-841B-087EF5057156}.Release|Any CPU.ActiveCfg = Release|iPhone
		{D72D35C5-0540-4F56-841B-087EF5057156}.Release|iPhone.ActiveCfg = Release|iPhone
		{D72D35C5-0540-4F56-841B-087EF5057156}.Release|iPhone.Build.0 = Release|iPhone
		{D72D35C5-0540-4F56-841B-087EF5057156}.Release|iPhoneSimulator.ActiveCfg = Release|iPhoneSimulator
		{D72D35C5-0540-4F56-841B-087EF5057156}.Release|iPhoneSimulator.Build.0 = Release|iPhoneSimulator
		{53C0267A-F76D-4068-B1E4-A57C13AC1E51}.Debug|Any CPU.ActiveCfg = Debug|Any CPU
		{53C0267A-F76D-4068-B1E4-A57C13AC1E51}.Debug|Any CPU.Build.0 = Debug|Any CPU
		{53C0267A-F76D-4068-B1E4-A57C13AC1E51}.Debug|iPhone.ActiveCfg = Debug|Any CPU
		{53C0267A-F76D-4068-B1E4-A57C13AC1E51}.Debug|iPhone.Build.0 = Debug|Any CPU
		{53C0267A-F76D-4068-B1E4-A57C13AC1E51}.Debug|iPhoneSimulator.ActiveCfg = Debug|Any CPU
		{53C0267A-F76D-4068-B1E4-A57C13AC1E51}.Debug|iPhoneSimulator.Build.0 = Debug|Any CPU
		{53C0267A-F76D-4068-B1E4-A57C13AC1E51}.Release|Any CPU.ActiveCfg = Release|Any CPU
		{53C0267A-F76D-4068-B1E4-A57C13AC1E51}.Release|Any CPU.Build.0 = Release|Any CPU
		{53C0267A-F76D-4068-B1E4-A57C13AC1E51}.Release|iPhone.ActiveCfg = Release|Any CPU
		{53C0267A-F76D-4068-B1E4-A57C13AC1E51}.Release|iPhone.Build.0 = Release|Any CPU
		{53C0267A-F76D-4068-B1E4-A57C13AC1E51}.Release|iPhoneSimulator.ActiveCfg = Release|Any CPU
		{53C0267A-F76D-4068-B1E4-A57C13AC1E51}.Release|iPhoneSimulator.Build.0 = Release|Any CPU
	EndGlobalSection
	GlobalSection(SolutionProperties) = preSolution
		HideSolutionNode = FALSE
	EndGlobalSection
	GlobalSection(ExtensibilityGlobals) = postSolution
		SolutionGuid = {77DAED53-AE8D-4C39-B9C2-62E40FA28A75}
	EndGlobalSection
EndGlobal
